// !$*UTF8*$!
{
	archiveVersion = 1;
	classes = {
	};
	objectVersion = 56;
	objects = {

/* Begin PBXBuildFile section */
		52979B192C2A69900097E098 /* LargeListApp.swift in Sources */ = {isa = PBXBuildFile; fileRef = 52979B182C2A69900097E098 /* LargeListApp.swift */; };
		52979B1D2C2A69960097E098 /* Assets.xcassets in Resources */ = {isa = PBXBuildFile; fileRef = 52979B1C2C2A69960097E098 /* Assets.xcassets */; };
		52979B2A2C2A69970097E098 /* LargeListTests.swift in Sources */ = {isa = PBXBuildFile; fileRef = 52979B292C2A69970097E098 /* LargeListTests.swift */; };
		52979B342C2A69970097E098 /* LargeListUITests.swift in Sources */ = {isa = PBXBuildFile; fileRef = 52979B332C2A69970097E098 /* LargeListUITests.swift */; };
		52979B362C2A69970097E098 /* LargeListUITestsLaunchTests.swift in Sources */ = {isa = PBXBuildFile; fileRef = 52979B352C2A69970097E098 /* LargeListUITestsLaunchTests.swift */; };
		52979B432C2A6D130097E098 /* LargeList.swift in Sources */ = {isa = PBXBuildFile; fileRef = 52979B422C2A6D130097E098 /* LargeList.swift */; };
		52979B452C2A6D1F0097E098 /* ScrollGestures.swift in Sources */ = {isa = PBXBuildFile; fileRef = 52979B442C2A6D1F0097E098 /* ScrollGestures.swift */; };
		52979B472C2A6D290097E098 /* ScrollBarGestures.swift in Sources */ = {isa = PBXBuildFile; fileRef = 52979B462C2A6D290097E098 /* ScrollBarGestures.swift */; };
		52979B492C2A6D390097E098 /* CellView.swift in Sources */ = {isa = PBXBuildFile; fileRef = 52979B482C2A6D390097E098 /* CellView.swift */; };
		52979B4B2C2A6D440097E098 /* ScrollBarHandle.swift in Sources */ = {isa = PBXBuildFile; fileRef = 52979B4A2C2A6D440097E098 /* ScrollBarHandle.swift */; };
		52979B4D2C2A6D550097E098 /* ListView.swift in Sources */ = {isa = PBXBuildFile; fileRef = 52979B4C2C2A6D550097E098 /* ListView.swift */; };
		52979B4F2C2A6D630097E098 /* Coordinator.swift in Sources */ = {isa = PBXBuildFile; fileRef = 52979B4E2C2A6D630097E098 /* Coordinator.swift */; };
		52979B512C2A6D820097E098 /* Item.swift in Sources */ = {isa = PBXBuildFile; fileRef = 52979B502C2A6D820097E098 /* Item.swift */; };
		52979B532C2A6D8C0097E098 /* Cell.swift in Sources */ = {isa = PBXBuildFile; fileRef = 52979B522C2A6D8C0097E098 /* Cell.swift */; };
		52979B552C2A6D960097E098 /* Location.swift in Sources */ = {isa = PBXBuildFile; fileRef = 52979B542C2A6D960097E098 /* Location.swift */; };
		52979B572C2A6DA00097E098 /* ScrollState.swift in Sources */ = {isa = PBXBuildFile; fileRef = 52979B562C2A6DA00097E098 /* ScrollState.swift */; };
		52979B592C2A6DA80097E098 /* ScrollStateUpdate.swift in Sources */ = {isa = PBXBuildFile; fileRef = 52979B582C2A6DA80097E098 /* ScrollStateUpdate.swift */; };
		52979B662C2A6E010097E098 /* UISpringTimingParameters+Utils.swift in Sources */ = {isa = PBXBuildFile; fileRef = 52979B5C2C2A6E000097E098 /* UISpringTimingParameters+Utils.swift */; };
		52979B672C2A6E010097E098 /* DecelerationTimingParameters.swift in Sources */ = {isa = PBXBuildFile; fileRef = 52979B5D2C2A6E000097E098 /* DecelerationTimingParameters.swift */; };
		52979B682C2A6E010097E098 /* RubberBand.swift in Sources */ = {isa = PBXBuildFile; fileRef = 52979B5E2C2A6E000097E098 /* RubberBand.swift */; };
		52979B692C2A6E010097E098 /* CGPoint+Utils.swift in Sources */ = {isa = PBXBuildFile; fileRef = 52979B5F2C2A6E000097E098 /* CGPoint+Utils.swift */; };
		52979B6A2C2A6E010097E098 /* TimerAnimation.swift in Sources */ = {isa = PBXBuildFile; fileRef = 52979B602C2A6E000097E098 /* TimerAnimation.swift */; };
		52979B6B2C2A6E010097E098 /* TimingParameters.swift in Sources */ = {isa = PBXBuildFile; fileRef = 52979B612C2A6E000097E098 /* TimingParameters.swift */; };
		52979B6C2C2A6E010097E098 /* CASpringAnimation+Utils.swift in Sources */ = {isa = PBXBuildFile; fileRef = 52979B622C2A6E000097E098 /* CASpringAnimation+Utils.swift */; };
		52979B6D2C2A6E010097E098 /* GeometryUtils.swift in Sources */ = {isa = PBXBuildFile; fileRef = 52979B632C2A6E000097E098 /* GeometryUtils.swift */; };
		52979B6E2C2A6E010097E098 /* Comparable+Utils.swift in Sources */ = {isa = PBXBuildFile; fileRef = 52979B642C2A6E000097E098 /* Comparable+Utils.swift */; };
		52979B6F2C2A6E010097E098 /* SpringTimingParameters.swift in Sources */ = {isa = PBXBuildFile; fileRef = 52979B652C2A6E010097E098 /* SpringTimingParameters.swift */; };
		52979B732C2A7B090097E098 /* BinarySearchTree in Frameworks */ = {isa = PBXBuildFile; productRef = 52979B722C2A7B090097E098 /* BinarySearchTree */; };
		52979B752C2A82F70097E098 /* FenwickTree.swift in Sources */ = {isa = PBXBuildFile; fileRef = 52979B742C2A82F70097E098 /* FenwickTree.swift */; };
/* End PBXBuildFile section */

/* Begin PBXContainerItemProxy section */
		52979B262C2A69970097E098 /* PBXContainerItemProxy */ = {
			isa = PBXContainerItemProxy;
			containerPortal = 52979B0D2C2A69900097E098 /* Project object */;
			proxyType = 1;
			remoteGlobalIDString = 52979B142C2A69900097E098;
			remoteInfo = LargeList;
		};
		52979B302C2A69970097E098 /* PBXContainerItemProxy */ = {
			isa = PBXContainerItemProxy;
			containerPortal = 52979B0D2C2A69900097E098 /* Project object */;
			proxyType = 1;
			remoteGlobalIDString = 52979B142C2A69900097E098;
			remoteInfo = LargeList;
		};
/* End PBXContainerItemProxy section */

/* Begin PBXFileReference section */
		52979B152C2A69900097E098 /* LargeList.app */ = {isa = PBXFileReference; explicitFileType = wrapper.application; includeInIndex = 0; path = LargeList.app; sourceTree = BUILT_PRODUCTS_DIR; };
		52979B182C2A69900097E098 /* LargeListApp.swift */ = {isa = PBXFileReference; lastKnownFileType = sourcecode.swift; path = LargeListApp.swift; sourceTree = "<group>"; };
		52979B1C2C2A69960097E098 /* Assets.xcassets */ = {isa = PBXFileReference; lastKnownFileType = folder.assetcatalog; path = Assets.xcassets; sourceTree = "<group>"; };
		52979B252C2A69970097E098 /* LargeListTests.xctest */ = {isa = PBXFileReference; explicitFileType = wrapper.cfbundle; includeInIndex = 0; path = LargeListTests.xctest; sourceTree = BUILT_PRODUCTS_DIR; };
		52979B292C2A69970097E098 /* LargeListTests.swift */ = {isa = PBXFileReference; lastKnownFileType = sourcecode.swift; path = LargeListTests.swift; sourceTree = "<group>"; };
		52979B2F2C2A69970097E098 /* LargeListUITests.xctest */ = {isa = PBXFileReference; explicitFileType = wrapper.cfbundle; includeInIndex = 0; path = LargeListUITests.xctest; sourceTree = BUILT_PRODUCTS_DIR; };
		52979B332C2A69970097E098 /* LargeListUITests.swift */ = {isa = PBXFileReference; lastKnownFileType = sourcecode.swift; path = LargeListUITests.swift; sourceTree = "<group>"; };
		52979B352C2A69970097E098 /* LargeListUITestsLaunchTests.swift */ = {isa = PBXFileReference; lastKnownFileType = sourcecode.swift; path = LargeListUITestsLaunchTests.swift; sourceTree = "<group>"; };
		52979B422C2A6D130097E098 /* LargeList.swift */ = {isa = PBXFileReference; lastKnownFileType = sourcecode.swift; path = LargeList.swift; sourceTree = "<group>"; };
		52979B442C2A6D1F0097E098 /* ScrollGestures.swift */ = {isa = PBXFileReference; lastKnownFileType = sourcecode.swift; path = ScrollGestures.swift; sourceTree = "<group>"; };
		52979B462C2A6D290097E098 /* ScrollBarGestures.swift */ = {isa = PBXFileReference; lastKnownFileType = sourcecode.swift; path = ScrollBarGestures.swift; sourceTree = "<group>"; };
		52979B482C2A6D390097E098 /* CellView.swift */ = {isa = PBXFileReference; lastKnownFileType = sourcecode.swift; path = CellView.swift; sourceTree = "<group>"; };
		52979B4A2C2A6D440097E098 /* ScrollBarHandle.swift */ = {isa = PBXFileReference; lastKnownFileType = sourcecode.swift; path = ScrollBarHandle.swift; sourceTree = "<group>"; };
		52979B4C2C2A6D550097E098 /* ListView.swift */ = {isa = PBXFileReference; lastKnownFileType = sourcecode.swift; path = ListView.swift; sourceTree = "<group>"; };
		52979B4E2C2A6D630097E098 /* Coordinator.swift */ = {isa = PBXFileReference; lastKnownFileType = sourcecode.swift; path = Coordinator.swift; sourceTree = "<group>"; };
		52979B502C2A6D820097E098 /* Item.swift */ = {isa = PBXFileReference; lastKnownFileType = sourcecode.swift; path = Item.swift; sourceTree = "<group>"; };
		52979B522C2A6D8C0097E098 /* Cell.swift */ = {isa = PBXFileReference; lastKnownFileType = sourcecode.swift; path = Cell.swift; sourceTree = "<group>"; };
		52979B542C2A6D960097E098 /* Location.swift */ = {isa = PBXFileReference; lastKnownFileType = sourcecode.swift; path = Location.swift; sourceTree = "<group>"; };
		52979B562C2A6DA00097E098 /* ScrollState.swift */ = {isa = PBXFileReference; lastKnownFileType = sourcecode.swift; path = ScrollState.swift; sourceTree = "<group>"; };
		52979B582C2A6DA80097E098 /* ScrollStateUpdate.swift */ = {isa = PBXFileReference; lastKnownFileType = sourcecode.swift; path = ScrollStateUpdate.swift; sourceTree = "<group>"; };
		52979B5C2C2A6E000097E098 /* UISpringTimingParameters+Utils.swift */ = {isa = PBXFileReference; fileEncoding = 4; lastKnownFileType = sourcecode.swift; path = "UISpringTimingParameters+Utils.swift"; sourceTree = "<group>"; };
		52979B5D2C2A6E000097E098 /* DecelerationTimingParameters.swift */ = {isa = PBXFileReference; fileEncoding = 4; lastKnownFileType = sourcecode.swift; path = DecelerationTimingParameters.swift; sourceTree = "<group>"; };
		52979B5E2C2A6E000097E098 /* RubberBand.swift */ = {isa = PBXFileReference; fileEncoding = 4; lastKnownFileType = sourcecode.swift; path = RubberBand.swift; sourceTree = "<group>"; };
		52979B5F2C2A6E000097E098 /* CGPoint+Utils.swift */ = {isa = PBXFileReference; fileEncoding = 4; lastKnownFileType = sourcecode.swift; path = "CGPoint+Utils.swift"; sourceTree = "<group>"; };
		52979B602C2A6E000097E098 /* TimerAnimation.swift */ = {isa = PBXFileReference; fileEncoding = 4; lastKnownFileType = sourcecode.swift; path = TimerAnimation.swift; sourceTree = "<group>"; };
		52979B612C2A6E000097E098 /* TimingParameters.swift */ = {isa = PBXFileReference; fileEncoding = 4; lastKnownFileType = sourcecode.swift; path = TimingParameters.swift; sourceTree = "<group>"; };
		52979B622C2A6E000097E098 /* CASpringAnimation+Utils.swift */ = {isa = PBXFileReference; fileEncoding = 4; lastKnownFileType = sourcecode.swift; path = "CASpringAnimation+Utils.swift"; sourceTree = "<group>"; };
		52979B632C2A6E000097E098 /* GeometryUtils.swift */ = {isa = PBXFileReference; fileEncoding = 4; lastKnownFileType = sourcecode.swift; path = GeometryUtils.swift; sourceTree = "<group>"; };
		52979B642C2A6E000097E098 /* Comparable+Utils.swift */ = {isa = PBXFileReference; fileEncoding = 4; lastKnownFileType = sourcecode.swift; path = "Comparable+Utils.swift"; sourceTree = "<group>"; };
		52979B652C2A6E010097E098 /* SpringTimingParameters.swift */ = {isa = PBXFileReference; fileEncoding = 4; lastKnownFileType = sourcecode.swift; path = SpringTimingParameters.swift; sourceTree = "<group>"; };
		52979B742C2A82F70097E098 /* FenwickTree.swift */ = {isa = PBXFileReference; lastKnownFileType = sourcecode.swift; path = FenwickTree.swift; sourceTree = "<group>"; };
/* End PBXFileReference section */

/* Begin PBXFrameworksBuildPhase section */
		52979B122C2A69900097E098 /* Frameworks */ = {
			isa = PBXFrameworksBuildPhase;
			buildActionMask = 2147483647;
			files = (
				52979B732C2A7B090097E098 /* BinarySearchTree in Frameworks */,
			);
			runOnlyForDeploymentPostprocessing = 0;
		};
		52979B222C2A69970097E098 /* Frameworks */ = {
			isa = PBXFrameworksBuildPhase;
			buildActionMask = 2147483647;
			files = (
			);
			runOnlyForDeploymentPostprocessing = 0;
		};
		52979B2C2C2A69970097E098 /* Frameworks */ = {
			isa = PBXFrameworksBuildPhase;
			buildActionMask = 2147483647;
			files = (
			);
			runOnlyForDeploymentPostprocessing = 0;
		};
/* End PBXFrameworksBuildPhase section */

/* Begin PBXGroup section */
		52979B0C2C2A69900097E098 = {
			isa = PBXGroup;
			children = (
				52979B172C2A69900097E098 /* LargeList */,
				52979B282C2A69970097E098 /* LargeListTests */,
				52979B322C2A69970097E098 /* LargeListUITests */,
				52979B162C2A69900097E098 /* Products */,
			);
			sourceTree = "<group>";
		};
		52979B162C2A69900097E098 /* Products */ = {
			isa = PBXGroup;
			children = (
				52979B152C2A69900097E098 /* LargeList.app */,
				52979B252C2A69970097E098 /* LargeListTests.xctest */,
				52979B2F2C2A69970097E098 /* LargeListUITests.xctest */,
			);
			name = Products;
			sourceTree = "<group>";
		};
		52979B172C2A69900097E098 /* LargeList */ = {
			isa = PBXGroup;
			children = (
				52979B182C2A69900097E098 /* LargeListApp.swift */,
				52979B4E2C2A6D630097E098 /* Coordinator.swift */,
				52979B5B2C2A6DDA0097E098 /* View */,
				52979B5A2C2A6DC70097E098 /* Model */,
				52979B742C2A82F70097E098 /* FenwickTree.swift */,
				52979B702C2A6E050097E098 /* ScrollMechanics */,
				52979B1C2C2A69960097E098 /* Assets.xcassets */,
			);
			path = LargeList;
			sourceTree = "<group>";
		};
		52979B282C2A69970097E098 /* LargeListTests */ = {
			isa = PBXGroup;
			children = (
				52979B292C2A69970097E098 /* LargeListTests.swift */,
			);
			path = LargeListTests;
			sourceTree = "<group>";
		};
		52979B322C2A69970097E098 /* LargeListUITests */ = {
			isa = PBXGroup;
			children = (
				52979B332C2A69970097E098 /* LargeListUITests.swift */,
				52979B352C2A69970097E098 /* LargeListUITestsLaunchTests.swift */,
			);
			path = LargeListUITests;
			sourceTree = "<group>";
		};
		52979B5A2C2A6DC70097E098 /* Model */ = {
			isa = PBXGroup;
			children = (
				52979B502C2A6D820097E098 /* Item.swift */,
				52979B522C2A6D8C0097E098 /* Cell.swift */,
				52979B542C2A6D960097E098 /* Location.swift */,
				52979B562C2A6DA00097E098 /* ScrollState.swift */,
				52979B582C2A6DA80097E098 /* ScrollStateUpdate.swift */,
			);
			path = Model;
			sourceTree = "<group>";
		};
		52979B5B2C2A6DDA0097E098 /* View */ = {
			isa = PBXGroup;
			children = (
				52979B422C2A6D130097E098 /* LargeList.swift */,
				52979B442C2A6D1F0097E098 /* ScrollGestures.swift */,
				52979B462C2A6D290097E098 /* ScrollBarGestures.swift */,
				52979B482C2A6D390097E098 /* CellView.swift */,
				52979B4A2C2A6D440097E098 /* ScrollBarHandle.swift */,
				52979B4C2C2A6D550097E098 /* ListView.swift */,
			);
			path = View;
			sourceTree = "<group>";
		};
		52979B702C2A6E050097E098 /* ScrollMechanics */ = {
			isa = PBXGroup;
			children = (
				52979B5C2C2A6E000097E098 /* UISpringTimingParameters+Utils.swift */,
				52979B622C2A6E000097E098 /* CASpringAnimation+Utils.swift */,
				52979B5F2C2A6E000097E098 /* CGPoint+Utils.swift */,
				52979B642C2A6E000097E098 /* Comparable+Utils.swift */,
				52979B5D2C2A6E000097E098 /* DecelerationTimingParameters.swift */,
				52979B632C2A6E000097E098 /* GeometryUtils.swift */,
				52979B5E2C2A6E000097E098 /* RubberBand.swift */,
				52979B652C2A6E010097E098 /* SpringTimingParameters.swift */,
				52979B602C2A6E000097E098 /* TimerAnimation.swift */,
				52979B612C2A6E000097E098 /* TimingParameters.swift */,
			);
			path = ScrollMechanics;
			sourceTree = "<group>";
		};
/* End PBXGroup section */

/* Begin PBXNativeTarget section */
		52979B142C2A69900097E098 /* LargeList */ = {
			isa = PBXNativeTarget;
			buildConfigurationList = 52979B392C2A69970097E098 /* Build configuration list for PBXNativeTarget "LargeList" */;
			buildPhases = (
				52979B112C2A69900097E098 /* Sources */,
				52979B122C2A69900097E098 /* Frameworks */,
				52979B132C2A69900097E098 /* Resources */,
			);
			buildRules = (
			);
			dependencies = (
			);
			name = LargeList;
			packageProductDependencies = (
				52979B722C2A7B090097E098 /* BinarySearchTree */,
			);
			productName = LargeList;
			productReference = 52979B152C2A69900097E098 /* LargeList.app */;
			productType = "com.apple.product-type.application";
		};
		52979B242C2A69970097E098 /* LargeListTests */ = {
			isa = PBXNativeTarget;
			buildConfigurationList = 52979B3C2C2A69970097E098 /* Build configuration list for PBXNativeTarget "LargeListTests" */;
			buildPhases = (
				52979B212C2A69970097E098 /* Sources */,
				52979B222C2A69970097E098 /* Frameworks */,
				52979B232C2A69970097E098 /* Resources */,
			);
			buildRules = (
			);
			dependencies = (
				52979B272C2A69970097E098 /* PBXTargetDependency */,
			);
			name = LargeListTests;
			productName = LargeListTests;
			productReference = 52979B252C2A69970097E098 /* LargeListTests.xctest */;
			productType = "com.apple.product-type.bundle.unit-test";
		};
		52979B2E2C2A69970097E098 /* LargeListUITests */ = {
			isa = PBXNativeTarget;
			buildConfigurationList = 52979B3F2C2A69970097E098 /* Build configuration list for PBXNativeTarget "LargeListUITests" */;
			buildPhases = (
				52979B2B2C2A69970097E098 /* Sources */,
				52979B2C2C2A69970097E098 /* Frameworks */,
				52979B2D2C2A69970097E098 /* Resources */,
			);
			buildRules = (
			);
			dependencies = (
				52979B312C2A69970097E098 /* PBXTargetDependency */,
			);
			name = LargeListUITests;
			productName = LargeListUITests;
			productReference = 52979B2F2C2A69970097E098 /* LargeListUITests.xctest */;
			productType = "com.apple.product-type.bundle.ui-testing";
		};
/* End PBXNativeTarget section */

/* Begin PBXProject section */
		52979B0D2C2A69900097E098 /* Project object */ = {
			isa = PBXProject;
			attributes = {
				BuildIndependentTargetsInParallel = 1;
				LastSwiftUpdateCheck = 1520;
				LastUpgradeCheck = 1520;
				TargetAttributes = {
					52979B142C2A69900097E098 = {
						CreatedOnToolsVersion = 15.2;
					};
					52979B242C2A69970097E098 = {
						CreatedOnToolsVersion = 15.2;
						TestTargetID = 52979B142C2A69900097E098;
					};
					52979B2E2C2A69970097E098 = {
						CreatedOnToolsVersion = 15.2;
						TestTargetID = 52979B142C2A69900097E098;
					};
				};
			};
			buildConfigurationList = 52979B102C2A69900097E098 /* Build configuration list for PBXProject "LargeList" */;
			compatibilityVersion = "Xcode 14.0";
			developmentRegion = en;
			hasScannedForEncodings = 0;
			knownRegions = (
				en,
				Base,
			);
			mainGroup = 52979B0C2C2A69900097E098;
			packageReferences = (
				52979B712C2A7B090097E098 /* XCRemoteSwiftPackageReference "BinarySearchTree" */,
			);
			productRefGroup = 52979B162C2A69900097E098 /* Products */;
			projectDirPath = "";
			projectRoot = "";
			targets = (
				52979B142C2A69900097E098 /* LargeList */,
				52979B242C2A69970097E098 /* LargeListTests */,
				52979B2E2C2A69970097E098 /* LargeListUITests */,
			);
		};
/* End PBXProject section */

/* Begin PBXResourcesBuildPhase section */
		52979B132C2A69900097E098 /* Resources */ = {
			isa = PBXResourcesBuildPhase;
			buildActionMask = 2147483647;
			files = (
				52979B1D2C2A69960097E098 /* Assets.xcassets in Resources */,
			);
			runOnlyForDeploymentPostprocessing = 0;
		};
		52979B232C2A69970097E098 /* Resources */ = {
			isa = PBXResourcesBuildPhase;
			buildActionMask = 2147483647;
			files = (
			);
			runOnlyForDeploymentPostprocessing = 0;
		};
		52979B2D2C2A69970097E098 /* Resources */ = {
			isa = PBXResourcesBuildPhase;
			buildActionMask = 2147483647;
			files = (
			);
			runOnlyForDeploymentPostprocessing = 0;
		};
/* End PBXResourcesBuildPhase section */

/* Begin PBXSourcesBuildPhase section */
		52979B112C2A69900097E098 /* Sources */ = {
			isa = PBXSourcesBuildPhase;
			buildActionMask = 2147483647;
			files = (
				52979B512C2A6D820097E098 /* Item.swift in Sources */,
				52979B692C2A6E010097E098 /* CGPoint+Utils.swift in Sources */,
				52979B672C2A6E010097E098 /* DecelerationTimingParameters.swift in Sources */,
				52979B752C2A82F70097E098 /* FenwickTree.swift in Sources */,
				52979B682C2A6E010097E098 /* RubberBand.swift in Sources */,
				52979B592C2A6DA80097E098 /* ScrollStateUpdate.swift in Sources */,
				52979B4D2C2A6D550097E098 /* ListView.swift in Sources */,
				52979B6A2C2A6E010097E098 /* TimerAnimation.swift in Sources */,
				52979B6F2C2A6E010097E098 /* SpringTimingParameters.swift in Sources */,
				52979B472C2A6D290097E098 /* ScrollBarGestures.swift in Sources */,
				52979B4B2C2A6D440097E098 /* ScrollBarHandle.swift in Sources */,
				52979B572C2A6DA00097E098 /* ScrollState.swift in Sources */,
				52979B492C2A6D390097E098 /* CellView.swift in Sources */,
				52979B452C2A6D1F0097E098 /* ScrollGestures.swift in Sources */,
				52979B6B2C2A6E010097E098 /* TimingParameters.swift in Sources */,
				52979B192C2A69900097E098 /* LargeListApp.swift in Sources */,
				52979B532C2A6D8C0097E098 /* Cell.swift in Sources */,
				52979B6D2C2A6E010097E098 /* GeometryUtils.swift in Sources */,
				52979B432C2A6D130097E098 /* LargeList.swift in Sources */,
				52979B6E2C2A6E010097E098 /* Comparable+Utils.swift in Sources */,
				52979B552C2A6D960097E098 /* Location.swift in Sources */,
				52979B662C2A6E010097E098 /* UISpringTimingParameters+Utils.swift in Sources */,
				52979B4F2C2A6D630097E098 /* Coordinator.swift in Sources */,
				52979B6C2C2A6E010097E098 /* CASpringAnimation+Utils.swift in Sources */,
			);
			runOnlyForDeploymentPostprocessing = 0;
		};
		52979B212C2A69970097E098 /* Sources */ = {
			isa = PBXSourcesBuildPhase;
			buildActionMask = 2147483647;
			files = (
				52979B2A2C2A69970097E098 /* LargeListTests.swift in Sources */,
			);
			runOnlyForDeploymentPostprocessing = 0;
		};
		52979B2B2C2A69970097E098 /* Sources */ = {
			isa = PBXSourcesBuildPhase;
			buildActionMask = 2147483647;
			files = (
				52979B362C2A69970097E098 /* LargeListUITestsLaunchTests.swift in Sources */,
				52979B342C2A69970097E098 /* LargeListUITests.swift in Sources */,
			);
			runOnlyForDeploymentPostprocessing = 0;
		};
/* End PBXSourcesBuildPhase section */

/* Begin PBXTargetDependency section */
		52979B272C2A69970097E098 /* PBXTargetDependency */ = {
			isa = PBXTargetDependency;
			target = 52979B142C2A69900097E098 /* LargeList */;
			targetProxy = 52979B262C2A69970097E098 /* PBXContainerItemProxy */;
		};
		52979B312C2A69970097E098 /* PBXTargetDependency */ = {
			isa = PBXTargetDependency;
			target = 52979B142C2A69900097E098 /* LargeList */;
			targetProxy = 52979B302C2A69970097E098 /* PBXContainerItemProxy */;
		};
/* End PBXTargetDependency section */

/* Begin XCBuildConfiguration section */
		52979B372C2A69970097E098 /* Debug */ = {
			isa = XCBuildConfiguration;
			buildSettings = {
				ALWAYS_SEARCH_USER_PATHS = NO;
				ASSETCATALOG_COMPILER_GENERATE_SWIFT_ASSET_SYMBOL_EXTENSIONS = YES;
				CLANG_ANALYZER_NONNULL = YES;
				CLANG_ANALYZER_NUMBER_OBJECT_CONVERSION = YES_AGGRESSIVE;
				CLANG_CXX_LANGUAGE_STANDARD = "gnu++20";
				CLANG_ENABLE_MODULES = YES;
				CLANG_ENABLE_OBJC_ARC = YES;
				CLANG_ENABLE_OBJC_WEAK = YES;
				CLANG_WARN_BLOCK_CAPTURE_AUTORELEASING = YES;
				CLANG_WARN_BOOL_CONVERSION = YES;
				CLANG_WARN_COMMA = YES;
				CLANG_WARN_CONSTANT_CONVERSION = YES;
				CLANG_WARN_DEPRECATED_OBJC_IMPLEMENTATIONS = YES;
				CLANG_WARN_DIRECT_OBJC_ISA_USAGE = YES_ERROR;
				CLANG_WARN_DOCUMENTATION_COMMENTS = YES;
				CLANG_WARN_EMPTY_BODY = YES;
				CLANG_WARN_ENUM_CONVERSION = YES;
				CLANG_WARN_INFINITE_RECURSION = YES;
				CLANG_WARN_INT_CONVERSION = YES;
				CLANG_WARN_NON_LITERAL_NULL_CONVERSION = YES;
				CLANG_WARN_OBJC_IMPLICIT_RETAIN_SELF = YES;
				CLANG_WARN_OBJC_LITERAL_CONVERSION = YES;
				CLANG_WARN_OBJC_ROOT_CLASS = YES_ERROR;
				CLANG_WARN_QUOTED_INCLUDE_IN_FRAMEWORK_HEADER = YES;
				CLANG_WARN_RANGE_LOOP_ANALYSIS = YES;
				CLANG_WARN_STRICT_PROTOTYPES = YES;
				CLANG_WARN_SUSPICIOUS_MOVE = YES;
				CLANG_WARN_UNGUARDED_AVAILABILITY = YES_AGGRESSIVE;
				CLANG_WARN_UNREACHABLE_CODE = YES;
				CLANG_WARN__DUPLICATE_METHOD_MATCH = YES;
				COPY_PHASE_STRIP = NO;
				DEBUG_INFORMATION_FORMAT = dwarf;
				ENABLE_STRICT_OBJC_MSGSEND = YES;
				ENABLE_TESTABILITY = YES;
				ENABLE_USER_SCRIPT_SANDBOXING = YES;
				GCC_C_LANGUAGE_STANDARD = gnu17;
				GCC_DYNAMIC_NO_PIC = NO;
				GCC_NO_COMMON_BLOCKS = YES;
				GCC_OPTIMIZATION_LEVEL = 0;
				GCC_PREPROCESSOR_DEFINITIONS = (
					"DEBUG=1",
					"$(inherited)",
				);
				GCC_WARN_64_TO_32_BIT_CONVERSION = YES;
				GCC_WARN_ABOUT_RETURN_TYPE = YES_ERROR;
				GCC_WARN_UNDECLARED_SELECTOR = YES;
				GCC_WARN_UNINITIALIZED_AUTOS = YES_AGGRESSIVE;
				GCC_WARN_UNUSED_FUNCTION = YES;
				GCC_WARN_UNUSED_VARIABLE = YES;
				IPHONEOS_DEPLOYMENT_TARGET = 17.2;
				LOCALIZATION_PREFERS_STRING_CATALOGS = YES;
				MTL_ENABLE_DEBUG_INFO = INCLUDE_SOURCE;
				MTL_FAST_MATH = YES;
				ONLY_ACTIVE_ARCH = YES;
				SDKROOT = iphoneos;
				SWIFT_ACTIVE_COMPILATION_CONDITIONS = "DEBUG $(inherited)";
				SWIFT_OPTIMIZATION_LEVEL = "-Onone";
			};
			name = Debug;
		};
		52979B382C2A69970097E098 /* Release */ = {
			isa = XCBuildConfiguration;
			buildSettings = {
				ALWAYS_SEARCH_USER_PATHS = NO;
				ASSETCATALOG_COMPILER_GENERATE_SWIFT_ASSET_SYMBOL_EXTENSIONS = YES;
				CLANG_ANALYZER_NONNULL = YES;
				CLANG_ANALYZER_NUMBER_OBJECT_CONVERSION = YES_AGGRESSIVE;
				CLANG_CXX_LANGUAGE_STANDARD = "gnu++20";
				CLANG_ENABLE_MODULES = YES;
				CLANG_ENABLE_OBJC_ARC = YES;
				CLANG_ENABLE_OBJC_WEAK = YES;
				CLANG_WARN_BLOCK_CAPTURE_AUTORELEASING = YES;
				CLANG_WARN_BOOL_CONVERSION = YES;
				CLANG_WARN_COMMA = YES;
				CLANG_WARN_CONSTANT_CONVERSION = YES;
				CLANG_WARN_DEPRECATED_OBJC_IMPLEMENTATIONS = YES;
				CLANG_WARN_DIRECT_OBJC_ISA_USAGE = YES_ERROR;
				CLANG_WARN_DOCUMENTATION_COMMENTS = YES;
				CLANG_WARN_EMPTY_BODY = YES;
				CLANG_WARN_ENUM_CONVERSION = YES;
				CLANG_WARN_INFINITE_RECURSION = YES;
				CLANG_WARN_INT_CONVERSION = YES;
				CLANG_WARN_NON_LITERAL_NULL_CONVERSION = YES;
				CLANG_WARN_OBJC_IMPLICIT_RETAIN_SELF = YES;
				CLANG_WARN_OBJC_LITERAL_CONVERSION = YES;
				CLANG_WARN_OBJC_ROOT_CLASS = YES_ERROR;
				CLANG_WARN_QUOTED_INCLUDE_IN_FRAMEWORK_HEADER = YES;
				CLANG_WARN_RANGE_LOOP_ANALYSIS = YES;
				CLANG_WARN_STRICT_PROTOTYPES = YES;
				CLANG_WARN_SUSPICIOUS_MOVE = YES;
				CLANG_WARN_UNGUARDED_AVAILABILITY = YES_AGGRESSIVE;
				CLANG_WARN_UNREACHABLE_CODE = YES;
				CLANG_WARN__DUPLICATE_METHOD_MATCH = YES;
				COPY_PHASE_STRIP = NO;
				DEBUG_INFORMATION_FORMAT = "dwarf-with-dsym";
				ENABLE_NS_ASSERTIONS = NO;
				ENABLE_STRICT_OBJC_MSGSEND = YES;
				ENABLE_USER_SCRIPT_SANDBOXING = YES;
				GCC_C_LANGUAGE_STANDARD = gnu17;
				GCC_NO_COMMON_BLOCKS = YES;
				GCC_WARN_64_TO_32_BIT_CONVERSION = YES;
				GCC_WARN_ABOUT_RETURN_TYPE = YES_ERROR;
				GCC_WARN_UNDECLARED_SELECTOR = YES;
				GCC_WARN_UNINITIALIZED_AUTOS = YES_AGGRESSIVE;
				GCC_WARN_UNUSED_FUNCTION = YES;
				GCC_WARN_UNUSED_VARIABLE = YES;
				IPHONEOS_DEPLOYMENT_TARGET = 17.2;
				LOCALIZATION_PREFERS_STRING_CATALOGS = YES;
				MTL_ENABLE_DEBUG_INFO = NO;
				MTL_FAST_MATH = YES;
				SDKROOT = iphoneos;
				SWIFT_COMPILATION_MODE = wholemodule;
				VALIDATE_PRODUCT = YES;
			};
			name = Release;
		};
		52979B3A2C2A69970097E098 /* Debug */ = {
			isa = XCBuildConfiguration;
			buildSettings = {
				ASSETCATALOG_COMPILER_APPICON_NAME = AppIcon;
				ASSETCATALOG_COMPILER_GLOBAL_ACCENT_COLOR_NAME = AccentColor;
				CODE_SIGN_STYLE = Automatic;
				CURRENT_PROJECT_VERSION = 1;
				DEVELOPMENT_TEAM = QMHCJZDLMT;
				ENABLE_PREVIEWS = YES;
				GENERATE_INFOPLIST_FILE = YES;
				INFOPLIST_KEY_UIApplicationSceneManifest_Generation = YES;
				INFOPLIST_KEY_UIApplicationSupportsIndirectInputEvents = YES;
				INFOPLIST_KEY_UILaunchScreen_Generation = YES;
				INFOPLIST_KEY_UISupportedInterfaceOrientations_iPad = "UIInterfaceOrientationPortrait UIInterfaceOrientationPortraitUpsideDown UIInterfaceOrientationLandscapeLeft UIInterfaceOrientationLandscapeRight";
				INFOPLIST_KEY_UISupportedInterfaceOrientations_iPhone = "UIInterfaceOrientationPortrait UIInterfaceOrientationLandscapeLeft UIInterfaceOrientationLandscapeRight";
				LD_RUNPATH_SEARCH_PATHS = (
					"$(inherited)",
					"@executable_path/Frameworks",
				);
				MARKETING_VERSION = 1.0;
				PRODUCT_BUNDLE_IDENTIFIER = knowles.1.LargeList;
				PRODUCT_NAME = "$(TARGET_NAME)";
				SWIFT_EMIT_LOC_STRINGS = YES;
				SWIFT_VERSION = 5.0;
				TARGETED_DEVICE_FAMILY = "1,2";
			};
			name = Debug;
		};
		52979B3B2C2A69970097E098 /* Release */ = {
			isa = XCBuildConfiguration;
			buildSettings = {
				ASSETCATALOG_COMPILER_APPICON_NAME = AppIcon;
				ASSETCATALOG_COMPILER_GLOBAL_ACCENT_COLOR_NAME = AccentColor;
				CODE_SIGN_STYLE = Automatic;
				CURRENT_PROJECT_VERSION = 1;
				DEVELOPMENT_TEAM = QMHCJZDLMT;
				ENABLE_PREVIEWS = YES;
				GENERATE_INFOPLIST_FILE = YES;
				INFOPLIST_KEY_UIApplicationSceneManifest_Generation = YES;
				INFOPLIST_KEY_UIApplicationSupportsIndirectInputEvents = YES;
				INFOPLIST_KEY_UILaunchScreen_Generation = YES;
				INFOPLIST_KEY_UISupportedInterfaceOrientations_iPad = "UIInterfaceOrientationPortrait UIInterfaceOrientationPortraitUpsideDown UIInterfaceOrientationLandscapeLeft UIInterfaceOrientationLandscapeRight";
				INFOPLIST_KEY_UISupportedInterfaceOrientations_iPhone = "UIInterfaceOrientationPortrait UIInterfaceOrientationLandscapeLeft UIInterfaceOrientationLandscapeRight";
				LD_RUNPATH_SEARCH_PATHS = (
					"$(inherited)",
					"@executable_path/Frameworks",
				);
				MARKETING_VERSION = 1.0;
				PRODUCT_BUNDLE_IDENTIFIER = knowles.1.LargeList;
				PRODUCT_NAME = "$(TARGET_NAME)";
				SWIFT_EMIT_LOC_STRINGS = YES;
				SWIFT_VERSION = 5.0;
				TARGETED_DEVICE_FAMILY = "1,2";
			};
			name = Release;
		};
		52979B3D2C2A69970097E098 /* Debug */ = {
			isa = XCBuildConfiguration;
			buildSettings = {
				ALWAYS_EMBED_SWIFT_STANDARD_LIBRARIES = YES;
				BUNDLE_LOADER = "$(TEST_HOST)";
				CODE_SIGN_STYLE = Automatic;
				CURRENT_PROJECT_VERSION = 1;
				DEVELOPMENT_TEAM = QMHCJZDLMT;
				GENERATE_INFOPLIST_FILE = YES;
				IPHONEOS_DEPLOYMENT_TARGET = 17.2;
				MARKETING_VERSION = 1.0;
				PRODUCT_BUNDLE_IDENTIFIER = knowles.1.LargeListTests;
				PRODUCT_NAME = "$(TARGET_NAME)";
				SWIFT_EMIT_LOC_STRINGS = NO;
				SWIFT_VERSION = 5.0;
				TARGETED_DEVICE_FAMILY = "1,2";
				TEST_HOST = "$(BUILT_PRODUCTS_DIR)/LargeList.app/$(BUNDLE_EXECUTABLE_FOLDER_PATH)/LargeList";
			};
			name = Debug;
		};
		52979B3E2C2A69970097E098 /* Release */ = {
			isa = XCBuildConfiguration;
			buildSettings = {
				ALWAYS_EMBED_SWIFT_STANDARD_LIBRARIES = YES;
				BUNDLE_LOADER = "$(TEST_HOST)";
				CODE_SIGN_STYLE = Automatic;
				CURRENT_PROJECT_VERSION = 1;
				DEVELOPMENT_TEAM = QMHCJZDLMT;
				GENERATE_INFOPLIST_FILE = YES;
				IPHONEOS_DEPLOYMENT_TARGET = 17.2;
				MARKETING_VERSION = 1.0;
				PRODUCT_BUNDLE_IDENTIFIER = knowles.1.LargeListTests;
				PRODUCT_NAME = "$(TARGET_NAME)";
				SWIFT_EMIT_LOC_STRINGS = NO;
				SWIFT_VERSION = 5.0;
				TARGETED_DEVICE_FAMILY = "1,2";
				TEST_HOST = "$(BUILT_PRODUCTS_DIR)/LargeList.app/$(BUNDLE_EXECUTABLE_FOLDER_PATH)/LargeList";
			};
			name = Release;
		};
		52979B402C2A69970097E098 /* Debug */ = {
			isa = XCBuildConfiguration;
			buildSettings = {
				ALWAYS_EMBED_SWIFT_STANDARD_LIBRARIES = YES;
				CODE_SIGN_STYLE = Automatic;
				CURRENT_PROJECT_VERSION = 1;
				DEVELOPMENT_TEAM = QMHCJZDLMT;
				GENERATE_INFOPLIST_FILE = YES;
				MARKETING_VERSION = 1.0;
				PRODUCT_BUNDLE_IDENTIFIER = knowles.1.LargeListUITests;
				PRODUCT_NAME = "$(TARGET_NAME)";
				SWIFT_EMIT_LOC_STRINGS = NO;
				SWIFT_VERSION = 5.0;
				TARGETED_DEVICE_FAMILY = "1,2";
				TEST_TARGET_NAME = LargeList;
			};
			name = Debug;
		};
		52979B412C2A69970097E098 /* Release */ = {
			isa = XCBuildConfiguration;
			buildSettings = {
				ALWAYS_EMBED_SWIFT_STANDARD_LIBRARIES = YES;
				CODE_SIGN_STYLE = Automatic;
				CURRENT_PROJECT_VERSION = 1;
				DEVELOPMENT_TEAM = QMHCJZDLMT;
				GENERATE_INFOPLIST_FILE = YES;
				MARKETING_VERSION = 1.0;
				PRODUCT_BUNDLE_IDENTIFIER = knowles.1.LargeListUITests;
				PRODUCT_NAME = "$(TARGET_NAME)";
				SWIFT_EMIT_LOC_STRINGS = NO;
				SWIFT_VERSION = 5.0;
				TARGETED_DEVICE_FAMILY = "1,2";
				TEST_TARGET_NAME = LargeList;
			};
			name = Release;
		};
/* End XCBuildConfiguration section */

/* Begin XCConfigurationList section */
		52979B102C2A69900097E098 /* Build configuration list for PBXProject "LargeList" */ = {
			isa = XCConfigurationList;
			buildConfigurations = (
				52979B372C2A69970097E098 /* Debug */,
				52979B382C2A69970097E098 /* Release */,
			);
			defaultConfigurationIsVisible = 0;
			defaultConfigurationName = Release;
		};
		52979B392C2A69970097E098 /* Build configuration list for PBXNativeTarget "LargeList" */ = {
			isa = XCConfigurationList;
			buildConfigurations = (
				52979B3A2C2A69970097E098 /* Debug */,
				52979B3B2C2A69970097E098 /* Release */,
			);
			defaultConfigurationIsVisible = 0;
			defaultConfigurationName = Release;
		};
		52979B3C2C2A69970097E098 /* Build configuration list for PBXNativeTarget "LargeListTests" */ = {
			isa = XCConfigurationList;
			buildConfigurations = (
				52979B3D2C2A69970097E098 /* Debug */,
				52979B3E2C2A69970097E098 /* Release */,
			);
			defaultConfigurationIsVisible = 0;
			defaultConfigurationName = Release;
		};
		52979B3F2C2A69970097E098 /* Build configuration list for PBXNativeTarget "LargeListUITests" */ = {
			isa = XCConfigurationList;
			buildConfigurations = (
				52979B402C2A69970097E098 /* Debug */,
				52979B412C2A69970097E098 /* Release */,
			);
			defaultConfigurationIsVisible = 0;
			defaultConfigurationName = Release;
		};
/* End XCConfigurationList section */

/* Begin XCRemoteSwiftPackageReference section */
		52979B712C2A7B090097E098 /* XCRemoteSwiftPackageReference "BinarySearchTree" */ = {
			isa = XCRemoteSwiftPackageReference;
			repositoryURL = "https://github.com/swift-tree/BinarySearchTree.git";
			requirement = {
				kind = upToNextMajorVersion;
				minimumVersion = 1.0.2;
			};
		};
/* End XCRemoteSwiftPackageReference section */

/* Begin XCSwiftPackageProductDependency section */
		52979B722C2A7B090097E098 /* BinarySearchTree */ = {
			isa = XCSwiftPackageProductDependency;
			package = 52979B712C2A7B090097E098 /* XCRemoteSwiftPackageReference "BinarySearchTree" */;
			productName = BinarySearchTree;
		};
/* End XCSwiftPackageProductDependency section */
	};
	rootObject = 52979B0D2C2A69900097E098 /* Project object */;
}
